
Microsoft Visual Studio Solution File, Format Version 12.00
# Visual Studio 14
VisualStudioVersion = 14.0.25420.1
MinimumVisualStudioVersion = 10.0.40219.1
Project("{FAE04EC0-301F-11D3-BF4B-00C04F79EFBC}") = "AppAdmiSystemPro", "AppAdmiSystemPro\AppAdmiSystemPro.csproj", "{33C24DE7-5E55-4A70-AEDC-C6DE185CC3E3}"
EndProject
Project("{FAE04EC0-301F-11D3-BF4B-00C04F79EFBC}") = "LibTablas", "LibTablas\LibTablas.csproj", "{01A210C1-D949-4F00-B9DC-29EE95FCC105}"
EndProject
Project("{FAE04EC0-301F-11D3-BF4B-00C04F79EFBC}") = "LibFormularios", "LibFormularios\LibFormularios.csproj", "{B9CA1CC1-8FD5-44B5-AE67-721412268887}"
EndProject
Project("{FAE04EC0-301F-11D3-BF4B-00C04F79EFBC}") = "UtpTestUnitarios", "UtpTestUnitarios\UtpTestUnitarios.csproj", "{A961D890-FCB9-4042-A1C7-6D717AEED373}"
EndProject
Global
	GlobalSection(SolutionConfigurationPlatforms) = preSolution
		Debug|Any CPU = Debug|Any CPU
		Release|Any CPU = Release|Any CPU
	EndGlobalSection
	GlobalSection(ProjectConfigurationPlatforms) = postSolution
		{33C24DE7-5E55-4A70-AEDC-C6DE185CC3E3}.Debug|Any CPU.ActiveCfg = Debug|Any CPU
		{33C24DE7-5E55-4A70-AEDC-C6DE185CC3E3}.Debug|Any CPU.Build.0 = Debug|Any CPU
		{33C24DE7-5E55-4A70-AEDC-C6DE185CC3E3}.Release|Any CPU.ActiveCfg = Release|Any CPU
		{33C24DE7-5E55-4A70-AEDC-C6DE185CC3E3}.Release|Any CPU.Build.0 = Release|Any CPU
		{01A210C1-D949-4F00-B9DC-29EE95FCC105}.Debug|Any CPU.ActiveCfg = Debug|Any CPU
		{01A210C1-D949-4F00-B9DC-29EE95FCC105}.Debug|Any CPU.Build.0 = Debug|Any CPU
		{01A210C1-D949-4F00-B9DC-29EE95FCC105}.Release|Any CPU.ActiveCfg = Release|Any CPU
		{01A210C1-D949-4F00-B9DC-29EE95FCC105}.Release|Any CPU.Build.0 = Release|Any CPU
		{B9CA1CC1-8FD5-44B5-AE67-721412268887}.Debug|Any CPU.ActiveCfg = Debug|Any CPU
		{B9CA1CC1-8FD5-44B5-AE67-721412268887}.Debug|Any CPU.Build.0 = Debug|Any CPU
		{B9CA1CC1-8FD5-44B5-AE67-721412268887}.Release|Any CPU.ActiveCfg = Release|Any CPU
		{B9CA1CC1-8FD5-44B5-AE67-721412268887}.Release|Any CPU.Build.0 = Release|Any CPU
		{A961D890-FCB9-4042-A1C7-6D717AEED373}.Debug|Any CPU.ActiveCfg = Debug|Any CPU
		{A961D890-FCB9-4042-A1C7-6D717AEED373}.Debug|Any CPU.Build.0 = Debug|Any CPU
		{A961D890-FCB9-4042-A1C7-6D717AEED373}.Release|Any CPU.ActiveCfg = Release|Any CPU
		{A961D890-FCB9-4042-A1C7-6D717AEED373}.Release|Any CPU.Build.0 = Release|Any CPU
	EndGlobalSection
	GlobalSection(SolutionProperties) = preSolution
		HideSolutionNode = FALSE
	EndGlobalSection
EndGlobal
